// !$*UTF8*$!
{
	archiveVersion = 1;
	classes = {
	};
	objectVersion = 46;
	objects = {

/* Begin PBXBuildFile section */
		345DF6E518BB39EC009E0F80 /* button@2x.png in Resources */ = {isa = PBXBuildFile; fileRef = 345DF6E418BB39EC009E0F80 /* button@2x.png */; };
		346E79FA18BCC1C500870DCE /* BINGKlistViewController.m in Sources */ = {isa = PBXBuildFile; fileRef = 346E79F918BCC1C500870DCE /* BINGKlistViewController.m */; };
		346E79FD18BCC28200870DCE /* BINListCell.m in Sources */ = {isa = PBXBuildFile; fileRef = 346E79FC18BCC28200870DCE /* BINListCell.m */; };
		346E79FF18BCC5D100870DCE /* BINListCell.xib in Resources */ = {isa = PBXBuildFile; fileRef = 346E79FE18BCC5D100870DCE /* BINListCell.xib */; };
		346E7A0118BCDC7600870DCE /* profile-image-placeholder@2x.png in Resources */ = {isa = PBXBuildFile; fileRef = 346E7A0018BCDC7600870DCE /* profile-image-placeholder@2x.png */; };
		346E7A0718BCFD2700870DCE /* BINGKdetailContainerViewController.m in Sources */ = {isa = PBXBuildFile; fileRef = 346E7A0618BCFD2700870DCE /* BINGKdetailContainerViewController.m */; };
		3479408918BE1DEC00F5B621 /* MJRefresh.bundle in Resources */ = {isa = PBXBuildFile; fileRef = 3479407F18BE1DEC00F5B621 /* MJRefresh.bundle */; };
		3479408A18BE1DEC00F5B621 /* MJRefreshBaseView.m in Sources */ = {isa = PBXBuildFile; fileRef = 3479408218BE1DEC00F5B621 /* MJRefreshBaseView.m */; };
		3479408B18BE1DEC00F5B621 /* MJRefreshConst.m in Sources */ = {isa = PBXBuildFile; fileRef = 3479408418BE1DEC00F5B621 /* MJRefreshConst.m */; };
		3479408C18BE1DEC00F5B621 /* MJRefreshFooterView.m in Sources */ = {isa = PBXBuildFile; fileRef = 3479408618BE1DEC00F5B621 /* MJRefreshFooterView.m */; };
		3479408D18BE1DEC00F5B621 /* MJRefreshHeaderView.m in Sources */ = {isa = PBXBuildFile; fileRef = 3479408818BE1DEC00F5B621 /* MJRefreshHeaderView.m */; };
		347BBEDA18B989EE00AA302E /* Foundation.framework in Frameworks */ = {isa = PBXBuildFile; fileRef = 347BBED918B989EE00AA302E /* Foundation.framework */; };
		347BBEDC18B989EE00AA302E /* CoreGraphics.framework in Frameworks */ = {isa = PBXBuildFile; fileRef = 347BBEDB18B989EE00AA302E /* CoreGraphics.framework */; };
		347BBEDE18B989EE00AA302E /* UIKit.framework in Frameworks */ = {isa = PBXBuildFile; fileRef = 347BBEDD18B989EE00AA302E /* UIKit.framework */; };
		347BBEE418B989EE00AA302E /* InfoPlist.strings in Resources */ = {isa = PBXBuildFile; fileRef = 347BBEE218B989EE00AA302E /* InfoPlist.strings */; };
		347BBEE618B989EE00AA302E /* main.m in Sources */ = {isa = PBXBuildFile; fileRef = 347BBEE518B989EE00AA302E /* main.m */; };
		347BBEEA18B989EE00AA302E /* BINAppDelegate.m in Sources */ = {isa = PBXBuildFile; fileRef = 347BBEE918B989EE00AA302E /* BINAppDelegate.m */; };
		347BBEED18B989EE00AA302E /* Main.storyboard in Resources */ = {isa = PBXBuildFile; fileRef = 347BBEEB18B989EE00AA302E /* Main.storyboard */; };
		347BBEF218B989EE00AA302E /* Images.xcassets in Resources */ = {isa = PBXBuildFile; fileRef = 347BBEF118B989EE00AA302E /* Images.xcassets */; };
		347BBEF918B989EE00AA302E /* XCTest.framework in Frameworks */ = {isa = PBXBuildFile; fileRef = 347BBEF818B989EE00AA302E /* XCTest.framework */; };
		347BBEFA18B989EE00AA302E /* Foundation.framework in Frameworks */ = {isa = PBXBuildFile; fileRef = 347BBED918B989EE00AA302E /* Foundation.framework */; };
		347BBEFB18B989EE00AA302E /* UIKit.framework in Frameworks */ = {isa = PBXBuildFile; fileRef = 347BBEDD18B989EE00AA302E /* UIKit.framework */; };
		347BBF0318B989EE00AA302E /* InfoPlist.strings in Resources */ = {isa = PBXBuildFile; fileRef = 347BBF0118B989EE00AA302E /* InfoPlist.strings */; };
		347BBF0518B989EF00AA302E /* MyGKTests.m in Sources */ = {isa = PBXBuildFile; fileRef = 347BBF0418B989EE00AA302E /* MyGKTests.m */; };
		347BBF1518B9942E00AA302E /* BINMylistController.m in Sources */ = {isa = PBXBuildFile; fileRef = 347BBF1418B9942E00AA302E /* BINMylistController.m */; };
		347BBF3D18B9986D00AA302E /* AFHTTPRequestOperation.m in Sources */ = {isa = PBXBuildFile; fileRef = 347BBF1918B9986D00AA302E /* AFHTTPRequestOperation.m */; };
		347BBF3E18B9986D00AA302E /* AFHTTPRequestOperationManager.m in Sources */ = {isa = PBXBuildFile; fileRef = 347BBF1B18B9986D00AA302E /* AFHTTPRequestOperationManager.m */; };
		347BBF3F18B9986D00AA302E /* AFHTTPSessionManager.m in Sources */ = {isa = PBXBuildFile; fileRef = 347BBF1D18B9986D00AA302E /* AFHTTPSessionManager.m */; };
		347BBF4018B9986D00AA302E /* AFNetworkReachabilityManager.m in Sources */ = {isa = PBXBuildFile; fileRef = 347BBF2018B9986D00AA302E /* AFNetworkReachabilityManager.m */; };
		347BBF4118B9986D00AA302E /* AFSecurityPolicy.m in Sources */ = {isa = PBXBuildFile; fileRef = 347BBF2218B9986D00AA302E /* AFSecurityPolicy.m */; };
		347BBF4218B9986D00AA302E /* AFURLConnectionOperation.m in Sources */ = {isa = PBXBuildFile; fileRef = 347BBF2418B9986D00AA302E /* AFURLConnectionOperation.m */; };
		347BBF4318B9986D00AA302E /* AFURLRequestSerialization.m in Sources */ = {isa = PBXBuildFile; fileRef = 347BBF2618B9986D00AA302E /* AFURLRequestSerialization.m */; };
		347BBF4418B9986D00AA302E /* AFURLResponseSerialization.m in Sources */ = {isa = PBXBuildFile; fileRef = 347BBF2818B9986D00AA302E /* AFURLResponseSerialization.m */; };
		347BBF4518B9986D00AA302E /* AFURLSessionManager.m in Sources */ = {isa = PBXBuildFile; fileRef = 347BBF2A18B9986D00AA302E /* AFURLSessionManager.m */; };
		347BBF4618B9986D00AA302E /* AFNetworkActivityIndicatorManager.m in Sources */ = {isa = PBXBuildFile; fileRef = 347BBF2D18B9986D00AA302E /* AFNetworkActivityIndicatorManager.m */; };
		347BBF4718B9986D00AA302E /* UIActivityIndicatorView+AFNetworking.m in Sources */ = {isa = PBXBuildFile; fileRef = 347BBF2F18B9986D00AA302E /* UIActivityIndicatorView+AFNetworking.m */; };
		347BBF4818B9986D00AA302E /* UIAlertView+AFNetworking.m in Sources */ = {isa = PBXBuildFile; fileRef = 347BBF3118B9986D00AA302E /* UIAlertView+AFNetworking.m */; };
		347BBF4918B9986D00AA302E /* UIButton+AFNetworking.m in Sources */ = {isa = PBXBuildFile; fileRef = 347BBF3318B9986D00AA302E /* UIButton+AFNetworking.m */; };
		347BBF4A18B9986D00AA302E /* UIImageView+AFNetworking.m in Sources */ = {isa = PBXBuildFile; fileRef = 347BBF3518B9986D00AA302E /* UIImageView+AFNetworking.m */; };
		347BBF4B18B9986D00AA302E /* UIProgressView+AFNetworking.m in Sources */ = {isa = PBXBuildFile; fileRef = 347BBF3818B9986D00AA302E /* UIProgressView+AFNetworking.m */; };
		347BBF4C18B9986D00AA302E /* UIRefreshControl+AFNetworking.m in Sources */ = {isa = PBXBuildFile; fileRef = 347BBF3A18B9986D00AA302E /* UIRefreshControl+AFNetworking.m */; };
		347BBF4D18B9986D00AA302E /* UIWebView+AFNetworking.m in Sources */ = {isa = PBXBuildFile; fileRef = 347BBF3C18B9986D00AA302E /* UIWebView+AFNetworking.m */; };
		347BBF5118B9A6C100AA302E /* BINLoginViewController.m in Sources */ = {isa = PBXBuildFile; fileRef = 347BBF5018B9A6C100AA302E /* BINLoginViewController.m */; };
		347BBF5718BA019000AA302E /* BINMyGKViewController.m in Sources */ = {isa = PBXBuildFile; fileRef = 347BBF5618BA019000AA302E /* BINMyGKViewController.m */; };
		347BBF6018BA17EB00AA302E /* BINUserModel.m in Sources */ = {isa = PBXBuildFile; fileRef = 347BBF5F18BA17EB00AA302E /* BINUserModel.m */; };
		347D202A18BF375B0013AC2F /* BINGKlistModel.m in Sources */ = {isa = PBXBuildFile; fileRef = 347D202918BF375B0013AC2F /* BINGKlistModel.m */; };
		349B26C818BF99150055DB30 /* heart_black@2x.png in Resources */ = {isa = PBXBuildFile; fileRef = 349B26C718BF99150055DB30 /* heart_black@2x.png */; };
		349B26CA18BF9A360055DB30 /* heart_red@2x.png in Resources */ = {isa = PBXBuildFile; fileRef = 349B26C918BF9A360055DB30 /* heart_red@2x.png */; };
		34AF111218C49F5C004E9B2B /* BINUploadPictureViewController.m in Sources */ = {isa = PBXBuildFile; fileRef = 34AF111118C49F5C004E9B2B /* BINUploadPictureViewController.m */; };
		34AF111518C4ACF6004E9B2B /* BINUploadModel.m in Sources */ = {isa = PBXBuildFile; fileRef = 34AF111418C4ACF6004E9B2B /* BINUploadModel.m */; };
		34AF111818C4CFB6004E9B2B /* ServerAddressSetting.m in Sources */ = {isa = PBXBuildFile; fileRef = 34AF111718C4CFB6004E9B2B /* ServerAddressSetting.m */; };
		34D1C07818BA4BA1006B18C1 /* BINSignupViewController.m in Sources */ = {isa = PBXBuildFile; fileRef = 34D1C07718BA4BA1006B18C1 /* BINSignupViewController.m */; };
		34D8DFEF18C601810014EA2B /* BINIconSettingViewController.m in Sources */ = {isa = PBXBuildFile; fileRef = 34D8DFEE18C601810014EA2B /* BINIconSettingViewController.m */; };
		34FF821818C430D500596AD8 /* IMG_4823.JPG in Resources */ = {isa = PBXBuildFile; fileRef = 34FF821718C430D500596AD8 /* IMG_4823.JPG */; };
/* End PBXBuildFile section */

/* Begin PBXContainerItemProxy section */
		347BBEFC18B989EE00AA302E /* PBXContainerItemProxy */ = {
			isa = PBXContainerItemProxy;
			containerPortal = 347BBECE18B989EE00AA302E /* Project object */;
			proxyType = 1;
			remoteGlobalIDString = 347BBED518B989EE00AA302E;
			remoteInfo = MyGK;
		};
/* End PBXContainerItemProxy section */

/* Begin PBXFileReference section */
		345DF6E418BB39EC009E0F80 /* button@2x.png */ = {isa = PBXFileReference; lastKnownFileType = image.png; path = "button@2x.png"; sourceTree = "<group>"; };
		346E79F818BCC1C500870DCE /* BINGKlistViewController.h */ = {isa = PBXFileReference; fileEncoding = 4; lastKnownFileType = sourcecode.c.h; path = BINGKlistViewController.h; sourceTree = "<group>"; };
		346E79F918BCC1C500870DCE /* BINGKlistViewController.m */ = {isa = PBXFileReference; fileEncoding = 4; lastKnownFileType = sourcecode.c.objc; path = BINGKlistViewController.m; sourceTree = "<group>"; };
		346E79FB18BCC28200870DCE /* BINListCell.h */ = {isa = PBXFileReference; fileEncoding = 4; lastKnownFileType = sourcecode.c.h; path = BINListCell.h; sourceTree = "<group>"; };
		346E79FC18BCC28200870DCE /* BINListCell.m */ = {isa = PBXFileReference; fileEncoding = 4; lastKnownFileType = sourcecode.c.objc; path = BINListCell.m; sourceTree = "<group>"; };
		346E79FE18BCC5D100870DCE /* BINListCell.xib */ = {isa = PBXFileReference; fileEncoding = 4; lastKnownFileType = file.xib; path = BINListCell.xib; sourceTree = "<group>"; };
		346E7A0018BCDC7600870DCE /* profile-image-placeholder@2x.png */ = {isa = PBXFileReference; lastKnownFileType = image.png; path = "profile-image-placeholder@2x.png"; sourceTree = "<group>"; };
		346E7A0518BCFD2700870DCE /* BINGKdetailContainerViewController.h */ = {isa = PBXFileReference; fileEncoding = 4; lastKnownFileType = sourcecode.c.h; name = BINGKdetailContainerViewController.h; path = classes/BINGKdetailContainerViewController.h; sourceTree = "<group>"; };
		346E7A0618BCFD2700870DCE /* BINGKdetailContainerViewController.m */ = {isa = PBXFileReference; fileEncoding = 4; lastKnownFileType = sourcecode.c.objc; name = BINGKdetailContainerViewController.m; path = classes/BINGKdetailContainerViewController.m; sourceTree = "<group>"; };
		3479407F18BE1DEC00F5B621 /* MJRefresh.bundle */ = {isa = PBXFileReference; lastKnownFileType = "wrapper.plug-in"; path = MJRefresh.bundle; sourceTree = "<group>"; };
		3479408018BE1DEC00F5B621 /* MJRefresh.h */ = {isa = PBXFileReference; fileEncoding = 4; lastKnownFileType = sourcecode.c.h; path = MJRefresh.h; sourceTree = "<group>"; };
		3479408118BE1DEC00F5B621 /* MJRefreshBaseView.h */ = {isa = PBXFileReference; fileEncoding = 4; lastKnownFileType = sourcecode.c.h; path = MJRefreshBaseView.h; sourceTree = "<group>"; };
		3479408218BE1DEC00F5B621 /* MJRefreshBaseView.m */ = {isa = PBXFileReference; fileEncoding = 4; lastKnownFileType = sourcecode.c.objc; path = MJRefreshBaseView.m; sourceTree = "<group>"; };
		3479408318BE1DEC00F5B621 /* MJRefreshConst.h */ = {isa = PBXFileReference; fileEncoding = 4; lastKnownFileType = sourcecode.c.h; path = MJRefreshConst.h; sourceTree = "<group>"; };
		3479408418BE1DEC00F5B621 /* MJRefreshConst.m */ = {isa = PBXFileReference; fileEncoding = 4; lastKnownFileType = sourcecode.c.objc; path = MJRefreshConst.m; sourceTree = "<group>"; };
		3479408518BE1DEC00F5B621 /* MJRefreshFooterView.h */ = {isa = PBXFileReference; fileEncoding = 4; lastKnownFileType = sourcecode.c.h; path = MJRefreshFooterView.h; sourceTree = "<group>"; };
		3479408618BE1DEC00F5B621 /* MJRefreshFooterView.m */ = {isa = PBXFileReference; fileEncoding = 4; lastKnownFileType = sourcecode.c.objc; path = MJRefreshFooterView.m; sourceTree = "<group>"; };
		3479408718BE1DEC00F5B621 /* MJRefreshHeaderView.h */ = {isa = PBXFileReference; fileEncoding = 4; lastKnownFileType = sourcecode.c.h; path = MJRefreshHeaderView.h; sourceTree = "<group>"; };
		3479408818BE1DEC00F5B621 /* MJRefreshHeaderView.m */ = {isa = PBXFileReference; fileEncoding = 4; lastKnownFileType = sourcecode.c.objc; path = MJRefreshHeaderView.m; sourceTree = "<group>"; };
		347BBED618B989EE00AA302E /* MyGK.app */ = {isa = PBXFileReference; explicitFileType = wrapper.application; includeInIndex = 0; path = MyGK.app; sourceTree = BUILT_PRODUCTS_DIR; };
		347BBED918B989EE00AA302E /* Foundation.framework */ = {isa = PBXFileReference; lastKnownFileType = wrapper.framework; name = Foundation.framework; path = System/Library/Frameworks/Foundation.framework; sourceTree = SDKROOT; };
		347BBEDB18B989EE00AA302E /* CoreGraphics.framework */ = {isa = PBXFileReference; lastKnownFileType = wrapper.framework; name = CoreGraphics.framework; path = System/Library/Frameworks/CoreGraphics.framework; sourceTree = SDKROOT; };
		347BBEDD18B989EE00AA302E /* UIKit.framework */ = {isa = PBXFileReference; lastKnownFileType = wrapper.framework; name = UIKit.framework; path = System/Library/Frameworks/UIKit.framework; sourceTree = SDKROOT; };
		347BBEE118B989EE00AA302E /* MyGK-Info.plist */ = {isa = PBXFileReference; lastKnownFileType = text.plist.xml; path = "MyGK-Info.plist"; sourceTree = "<group>"; };
		347BBEE318B989EE00AA302E /* en */ = {isa = PBXFileReference; lastKnownFileType = text.plist.strings; name = en; path = en.lproj/InfoPlist.strings; sourceTree = "<group>"; };
		347BBEE518B989EE00AA302E /* main.m */ = {isa = PBXFileReference; lastKnownFileType = sourcecode.c.objc; path = main.m; sourceTree = "<group>"; };
		347BBEE718B989EE00AA302E /* MyGK-Prefix.pch */ = {isa = PBXFileReference; lastKnownFileType = sourcecode.c.h; path = "MyGK-Prefix.pch"; sourceTree = "<group>"; };
		347BBEE818B989EE00AA302E /* BINAppDelegate.h */ = {isa = PBXFileReference; lastKnownFileType = sourcecode.c.h; path = BINAppDelegate.h; sourceTree = "<group>"; };
		347BBEE918B989EE00AA302E /* BINAppDelegate.m */ = {isa = PBXFileReference; lastKnownFileType = sourcecode.c.objc; path = BINAppDelegate.m; sourceTree = "<group>"; };
		347BBEEC18B989EE00AA302E /* Base */ = {isa = PBXFileReference; lastKnownFileType = file.storyboard; name = Base; path = Base.lproj/Main.storyboard; sourceTree = "<group>"; };
		347BBEF118B989EE00AA302E /* Images.xcassets */ = {isa = PBXFileReference; lastKnownFileType = folder.assetcatalog; path = Images.xcassets; sourceTree = "<group>"; };
		347BBEF718B989EE00AA302E /* MyGKTests.xctest */ = {isa = PBXFileReference; explicitFileType = wrapper.cfbundle; includeInIndex = 0; path = MyGKTests.xctest; sourceTree = BUILT_PRODUCTS_DIR; };
		347BBEF818B989EE00AA302E /* XCTest.framework */ = {isa = PBXFileReference; lastKnownFileType = wrapper.framework; name = XCTest.framework; path = Library/Frameworks/XCTest.framework; sourceTree = DEVELOPER_DIR; };
		347BBF0018B989EE00AA302E /* MyGKTests-Info.plist */ = {isa = PBXFileReference; lastKnownFileType = text.plist.xml; path = "MyGKTests-Info.plist"; sourceTree = "<group>"; };
		347BBF0218B989EE00AA302E /* en */ = {isa = PBXFileReference; lastKnownFileType = text.plist.strings; name = en; path = en.lproj/InfoPlist.strings; sourceTree = "<group>"; };
		347BBF0418B989EE00AA302E /* MyGKTests.m */ = {isa = PBXFileReference; lastKnownFileType = sourcecode.c.objc; path = MyGKTests.m; sourceTree = "<group>"; };
		347BBF1318B9942E00AA302E /* BINMylistController.h */ = {isa = PBXFileReference; fileEncoding = 4; lastKnownFileType = sourcecode.c.h; name = BINMylistController.h; path = classes/BINMylistController.h; sourceTree = "<group>"; };
		347BBF1418B9942E00AA302E /* BINMylistController.m */ = {isa = PBXFileReference; fileEncoding = 4; lastKnownFileType = sourcecode.c.objc; name = BINMylistController.m; path = classes/BINMylistController.m; sourceTree = "<group>"; };
		347BBF1818B9986D00AA302E /* AFHTTPRequestOperation.h */ = {isa = PBXFileReference; fileEncoding = 4; lastKnownFileType = sourcecode.c.h; path = AFHTTPRequestOperation.h; sourceTree = "<group>"; };
		347BBF1918B9986D00AA302E /* AFHTTPRequestOperation.m */ = {isa = PBXFileReference; fileEncoding = 4; lastKnownFileType = sourcecode.c.objc; path = AFHTTPRequestOperation.m; sourceTree = "<group>"; };
		347BBF1A18B9986D00AA302E /* AFHTTPRequestOperationManager.h */ = {isa = PBXFileReference; fileEncoding = 4; lastKnownFileType = sourcecode.c.h; path = AFHTTPRequestOperationManager.h; sourceTree = "<group>"; };
		347BBF1B18B9986D00AA302E /* AFHTTPRequestOperationManager.m */ = {isa = PBXFileReference; fileEncoding = 4; lastKnownFileType = sourcecode.c.objc; path = AFHTTPRequestOperationManager.m; sourceTree = "<group>"; };
		347BBF1C18B9986D00AA302E /* AFHTTPSessionManager.h */ = {isa = PBXFileReference; fileEncoding = 4; lastKnownFileType = sourcecode.c.h; path = AFHTTPSessionManager.h; sourceTree = "<group>"; };
		347BBF1D18B9986D00AA302E /* AFHTTPSessionManager.m */ = {isa = PBXFileReference; fileEncoding = 4; lastKnownFileType = sourcecode.c.objc; path = AFHTTPSessionManager.m; sourceTree = "<group>"; };
		347BBF1E18B9986D00AA302E /* AFNetworking.h */ = {isa = PBXFileReference; fileEncoding = 4; lastKnownFileType = sourcecode.c.h; path = AFNetworking.h; sourceTree = "<group>"; };
		347BBF1F18B9986D00AA302E /* AFNetworkReachabilityManager.h */ = {isa = PBXFileReference; fileEncoding = 4; lastKnownFileType = sourcecode.c.h; path = AFNetworkReachabilityManager.h; sourceTree = "<group>"; };
		347BBF2018B9986D00AA302E /* AFNetworkReachabilityManager.m */ = {isa = PBXFileReference; fileEncoding = 4; lastKnownFileType = sourcecode.c.objc; path = AFNetworkReachabilityManager.m; sourceTree = "<group>"; };
		347BBF2118B9986D00AA302E /* AFSecurityPolicy.h */ = {isa = PBXFileReference; fileEncoding = 4; lastKnownFileType = sourcecode.c.h; path = AFSecurityPolicy.h; sourceTree = "<group>"; };
		347BBF2218B9986D00AA302E /* AFSecurityPolicy.m */ = {isa = PBXFileReference; fileEncoding = 4; lastKnownFileType = sourcecode.c.objc; path = AFSecurityPolicy.m; sourceTree = "<group>"; };
		347BBF2318B9986D00AA302E /* AFURLConnectionOperation.h */ = {isa = PBXFileReference; fileEncoding = 4; lastKnownFileType = sourcecode.c.h; path = AFURLConnectionOperation.h; sourceTree = "<group>"; };
		347BBF2418B9986D00AA302E /* AFURLConnectionOperation.m */ = {isa = PBXFileReference; fileEncoding = 4; lastKnownFileType = sourcecode.c.objc; path = AFURLConnectionOperation.m; sourceTree = "<group>"; };
		347BBF2518B9986D00AA302E /* AFURLRequestSerialization.h */ = {isa = PBXFileReference; fileEncoding = 4; lastKnownFileType = sourcecode.c.h; path = AFURLRequestSerialization.h; sourceTree = "<group>"; };
		347BBF2618B9986D00AA302E /* AFURLRequestSerialization.m */ = {isa = PBXFileReference; fileEncoding = 4; lastKnownFileType = sourcecode.c.objc; path = AFURLRequestSerialization.m; sourceTree = "<group>"; };
		347BBF2718B9986D00AA302E /* AFURLResponseSerialization.h */ = {isa = PBXFileReference; fileEncoding = 4; lastKnownFileType = sourcecode.c.h; path = AFURLResponseSerialization.h; sourceTree = "<group>"; };
		347BBF2818B9986D00AA302E /* AFURLResponseSerialization.m */ = {isa = PBXFileReference; fileEncoding = 4; lastKnownFileType = sourcecode.c.objc; path = AFURLResponseSerialization.m; sourceTree = "<group>"; };
		347BBF2918B9986D00AA302E /* AFURLSessionManager.h */ = {isa = PBXFileReference; fileEncoding = 4; lastKnownFileType = sourcecode.c.h; path = AFURLSessionManager.h; sourceTree = "<group>"; };
		347BBF2A18B9986D00AA302E /* AFURLSessionManager.m */ = {isa = PBXFileReference; fileEncoding = 4; lastKnownFileType = sourcecode.c.objc; path = AFURLSessionManager.m; sourceTree = "<group>"; };
		347BBF2C18B9986D00AA302E /* AFNetworkActivityIndicatorManager.h */ = {isa = PBXFileReference; fileEncoding = 4; lastKnownFileType = sourcecode.c.h; path = AFNetworkActivityIndicatorManager.h; sourceTree = "<group>"; };
		347BBF2D18B9986D00AA302E /* AFNetworkActivityIndicatorManager.m */ = {isa = PBXFileReference; fileEncoding = 4; lastKnownFileType = sourcecode.c.objc; path = AFNetworkActivityIndicatorManager.m; sourceTree = "<group>"; };
		347BBF2E18B9986D00AA302E /* UIActivityIndicatorView+AFNetworking.h */ = {isa = PBXFileReference; fileEncoding = 4; lastKnownFileType = sourcecode.c.h; path = "UIActivityIndicatorView+AFNetworking.h"; sourceTree = "<group>"; };
		347BBF2F18B9986D00AA302E /* UIActivityIndicatorView+AFNetworking.m */ = {isa = PBXFileReference; fileEncoding = 4; lastKnownFileType = sourcecode.c.objc; path = "UIActivityIndicatorView+AFNetworking.m"; sourceTree = "<group>"; };
		347BBF3018B9986D00AA302E /* UIAlertView+AFNetworking.h */ = {isa = PBXFileReference; fileEncoding = 4; lastKnownFileType = sourcecode.c.h; path = "UIAlertView+AFNetworking.h"; sourceTree = "<group>"; };
		347BBF3118B9986D00AA302E /* UIAlertView+AFNetworking.m */ = {isa = PBXFileReference; fileEncoding = 4; lastKnownFileType = sourcecode.c.objc; path = "UIAlertView+AFNetworking.m"; sourceTree = "<group>"; };
		347BBF3218B9986D00AA302E /* UIButton+AFNetworking.h */ = {isa = PBXFileReference; fileEncoding = 4; lastKnownFileType = sourcecode.c.h; path = "UIButton+AFNetworking.h"; sourceTree = "<group>"; };
		347BBF3318B9986D00AA302E /* UIButton+AFNetworking.m */ = {isa = PBXFileReference; fileEncoding = 4; lastKnownFileType = sourcecode.c.objc; path = "UIButton+AFNetworking.m"; sourceTree = "<group>"; };
		347BBF3418B9986D00AA302E /* UIImageView+AFNetworking.h */ = {isa = PBXFileReference; fileEncoding = 4; lastKnownFileType = sourcecode.c.h; path = "UIImageView+AFNetworking.h"; sourceTree = "<group>"; };
		347BBF3518B9986D00AA302E /* UIImageView+AFNetworking.m */ = {isa = PBXFileReference; fileEncoding = 4; lastKnownFileType = sourcecode.c.objc; path = "UIImageView+AFNetworking.m"; sourceTree = "<group>"; };
		347BBF3618B9986D00AA302E /* UIKit+AFNetworking.h */ = {isa = PBXFileReference; fileEncoding = 4; lastKnownFileType = sourcecode.c.h; path = "UIKit+AFNetworking.h"; sourceTree = "<group>"; };
		347BBF3718B9986D00AA302E /* UIProgressView+AFNetworking.h */ = {isa = PBXFileReference; fileEncoding = 4; lastKnownFileType = sourcecode.c.h; path = "UIProgressView+AFNetworking.h"; sourceTree = "<group>"; };
		347BBF3818B9986D00AA302E /* UIProgressView+AFNetworking.m */ = {isa = PBXFileReference; fileEncoding = 4; lastKnownFileType = sourcecode.c.objc; path = "UIProgressView+AFNetworking.m"; sourceTree = "<group>"; };
		347BBF3918B9986D00AA302E /* UIRefreshControl+AFNetworking.h */ = {isa = PBXFileReference; fileEncoding = 4; lastKnownFileType = sourcecode.c.h; path = "UIRefreshControl+AFNetworking.h"; sourceTree = "<group>"; };
		347BBF3A18B9986D00AA302E /* UIRefreshControl+AFNetworking.m */ = {isa = PBXFileReference; fileEncoding = 4; lastKnownFileType = sourcecode.c.objc; path = "UIRefreshControl+AFNetworking.m"; sourceTree = "<group>"; };
		347BBF3B18B9986D00AA302E /* UIWebView+AFNetworking.h */ = {isa = PBXFileReference; fileEncoding = 4; lastKnownFileType = sourcecode.c.h; path = "UIWebView+AFNetworking.h"; sourceTree = "<group>"; };
		347BBF3C18B9986D00AA302E /* UIWebView+AFNetworking.m */ = {isa = PBXFileReference; fileEncoding = 4; lastKnownFileType = sourcecode.c.objc; path = "UIWebView+AFNetworking.m"; sourceTree = "<group>"; };
		347BBF4F18B9A6C100AA302E /* BINLoginViewController.h */ = {isa = PBXFileReference; fileEncoding = 4; lastKnownFileType = sourcecode.c.h; name = BINLoginViewController.h; path = classes/BINLoginViewController.h; sourceTree = "<group>"; };
		347BBF5018B9A6C100AA302E /* BINLoginViewController.m */ = {isa = PBXFileReference; fileEncoding = 4; lastKnownFileType = sourcecode.c.objc; name = BINLoginViewController.m; path = classes/BINLoginViewController.m; sourceTree = "<group>"; };
		347BBF5518BA019000AA302E /* BINMyGKViewController.h */ = {isa = PBXFileReference; fileEncoding = 4; lastKnownFileType = sourcecode.c.h; path = BINMyGKViewController.h; sourceTree = "<group>"; };
		347BBF5618BA019000AA302E /* BINMyGKViewController.m */ = {isa = PBXFileReference; fileEncoding = 4; lastKnownFileType = sourcecode.c.objc; path = BINMyGKViewController.m; sourceTree = "<group>"; };
		347BBF5E18BA17EB00AA302E /* BINUserModel.h */ = {isa = PBXFileReference; fileEncoding = 4; lastKnownFileType = sourcecode.c.h; name = BINUserModel.h; path = models/BINUserModel.h; sourceTree = "<group>"; };
		347BBF5F18BA17EB00AA302E /* BINUserModel.m */ = {isa = PBXFileReference; fileEncoding = 4; lastKnownFileType = sourcecode.c.objc; name = BINUserModel.m; path = models/BINUserModel.m; sourceTree = "<group>"; };
		347D202818BF375B0013AC2F /* BINGKlistModel.h */ = {isa = PBXFileReference; fileEncoding = 4; lastKnownFileType = sourcecode.c.h; name = BINGKlistModel.h; path = models/BINGKlistModel.h; sourceTree = "<group>"; };
		347D202918BF375B0013AC2F /* BINGKlistModel.m */ = {isa = PBXFileReference; fileEncoding = 4; lastKnownFileType = sourcecode.c.objc; name = BINGKlistModel.m; path = models/BINGKlistModel.m; sourceTree = "<group>"; };
		349B26C718BF99150055DB30 /* heart_black@2x.png */ = {isa = PBXFileReference; lastKnownFileType = image.png; path = "heart_black@2x.png"; sourceTree = "<group>"; };
		349B26C918BF9A360055DB30 /* heart_red@2x.png */ = {isa = PBXFileReference; lastKnownFileType = image.png; path = "heart_red@2x.png"; sourceTree = "<group>"; };
		34AF111018C49F5C004E9B2B /* BINUploadPictureViewController.h */ = {isa = PBXFileReference; fileEncoding = 4; lastKnownFileType = sourcecode.c.h; name = BINUploadPictureViewController.h; path = classes/BINUploadPictureViewController.h; sourceTree = "<group>"; };
		34AF111118C49F5C004E9B2B /* BINUploadPictureViewController.m */ = {isa = PBXFileReference; fileEncoding = 4; lastKnownFileType = sourcecode.c.objc; name = BINUploadPictureViewController.m; path = classes/BINUploadPictureViewController.m; sourceTree = "<group>"; };
		34AF111318C4ACF6004E9B2B /* BINUploadModel.h */ = {isa = PBXFileReference; fileEncoding = 4; lastKnownFileType = sourcecode.c.h; name = BINUploadModel.h; path = models/BINUploadModel.h; sourceTree = "<group>"; };
		34AF111418C4ACF6004E9B2B /* BINUploadModel.m */ = {isa = PBXFileReference; fileEncoding = 4; lastKnownFileType = sourcecode.c.objc; name = BINUploadModel.m; path = models/BINUploadModel.m; sourceTree = "<group>"; };
		34AF111618C4CFB6004E9B2B /* ServerAddressSetting.h */ = {isa = PBXFileReference; fileEncoding = 4; lastKnownFileType = sourcecode.c.h; path = ServerAddressSetting.h; sourceTree = "<group>"; };
		34AF111718C4CFB6004E9B2B /* ServerAddressSetting.m */ = {isa = PBXFileReference; fileEncoding = 4; lastKnownFileType = sourcecode.c.objc; path = ServerAddressSetting.m; sourceTree = "<group>"; };
		34D1C07618BA4BA1006B18C1 /* BINSignupViewController.h */ = {isa = PBXFileReference; fileEncoding = 4; lastKnownFileType = sourcecode.c.h; name = BINSignupViewController.h; path = classes/BINSignupViewController.h; sourceTree = "<group>"; };
		34D1C07718BA4BA1006B18C1 /* BINSignupViewController.m */ = {isa = PBXFileReference; fileEncoding = 4; lastKnownFileType = sourcecode.c.objc; name = BINSignupViewController.m; path = classes/BINSignupViewController.m; sourceTree = "<group>"; };
		34D8DFED18C601810014EA2B /* BINIconSettingViewController.h */ = {isa = PBXFileReference; fileEncoding = 4; lastKnownFileType = sourcecode.c.h; name = BINIconSettingViewController.h; path = classes/BINIconSettingViewController.h; sourceTree = "<group>"; };
		34D8DFEE18C601810014EA2B /* BINIconSettingViewController.m */ = {isa = PBXFileReference; fileEncoding = 4; lastKnownFileType = sourcecode.c.objc; name = BINIconSettingViewController.m; path = classes/BINIconSettingViewController.m; sourceTree = "<group>"; };
		34FF821718C430D500596AD8 /* IMG_4823.JPG */ = {isa = PBXFileReference; lastKnownFileType = image.jpeg; name = IMG_4823.JPG; path = ../../../IMG_4823.JPG; sourceTree = "<group>"; };
/* End PBXFileReference section */

/* Begin PBXFrameworksBuildPhase section */
		347BBED318B989EE00AA302E /* Frameworks */ = {
			isa = PBXFrameworksBuildPhase;
			buildActionMask = 2147483647;
			files = (
				347BBEDC18B989EE00AA302E /* CoreGraphics.framework in Frameworks */,
				347BBEDE18B989EE00AA302E /* UIKit.framework in Frameworks */,
				347BBEDA18B989EE00AA302E /* Foundation.framework in Frameworks */,
			);
			runOnlyForDeploymentPostprocessing = 0;
		};
		347BBEF418B989EE00AA302E /* Frameworks */ = {
			isa = PBXFrameworksBuildPhase;
			buildActionMask = 2147483647;
			files = (
				347BBEF918B989EE00AA302E /* XCTest.framework in Frameworks */,
				347BBEFB18B989EE00AA302E /* UIKit.framework in Frameworks */,
				347BBEFA18B989EE00AA302E /* Foundation.framework in Frameworks */,
			);
			runOnlyForDeploymentPostprocessing = 0;
		};
/* End PBXFrameworksBuildPhase section */

/* Begin PBXGroup section */
		345DF6E318BB39EC009E0F80 /* resources */ = {
			isa = PBXGroup;
			children = (
				346E7A0018BCDC7600870DCE /* profile-image-placeholder@2x.png */,
				34FF821718C430D500596AD8 /* IMG_4823.JPG */,
				345DF6E418BB39EC009E0F80 /* button@2x.png */,
				349B26C718BF99150055DB30 /* heart_black@2x.png */,
				349B26C918BF9A360055DB30 /* heart_red@2x.png */,
			);
			path = resources;
			sourceTree = SOURCE_ROOT;
		};
		3479407E18BE1DEC00F5B621 /* MJRefresh */ = {
			isa = PBXGroup;
			children = (
				3479407F18BE1DEC00F5B621 /* MJRefresh.bundle */,
				3479408018BE1DEC00F5B621 /* MJRefresh.h */,
				3479408118BE1DEC00F5B621 /* MJRefreshBaseView.h */,
				3479408218BE1DEC00F5B621 /* MJRefreshBaseView.m */,
				3479408318BE1DEC00F5B621 /* MJRefreshConst.h */,
				3479408418BE1DEC00F5B621 /* MJRefreshConst.m */,
				3479408518BE1DEC00F5B621 /* MJRefreshFooterView.h */,
				3479408618BE1DEC00F5B621 /* MJRefreshFooterView.m */,
				3479408718BE1DEC00F5B621 /* MJRefreshHeaderView.h */,
				3479408818BE1DEC00F5B621 /* MJRefreshHeaderView.m */,
			);
			path = MJRefresh;
			sourceTree = "<group>";
		};
		347BBECD18B989EE00AA302E = {
			isa = PBXGroup;
			children = (
				347BBEDF18B989EE00AA302E /* MyGK */,
				347BBEFE18B989EE00AA302E /* MyGKTests */,
				347BBED818B989EE00AA302E /* Frameworks */,
				347BBED718B989EE00AA302E /* Products */,
			);
			sourceTree = "<group>";
		};
		347BBED718B989EE00AA302E /* Products */ = {
			isa = PBXGroup;
			children = (
				347BBED618B989EE00AA302E /* MyGK.app */,
				347BBEF718B989EE00AA302E /* MyGKTests.xctest */,
			);
			name = Products;
			sourceTree = "<group>";
		};
		347BBED818B989EE00AA302E /* Frameworks */ = {
			isa = PBXGroup;
			children = (
				347BBED918B989EE00AA302E /* Foundation.framework */,
				347BBEDB18B989EE00AA302E /* CoreGraphics.framework */,
				347BBEDD18B989EE00AA302E /* UIKit.framework */,
				347BBEF818B989EE00AA302E /* XCTest.framework */,
			);
			name = Frameworks;
			sourceTree = "<group>";
		};
		347BBEDF18B989EE00AA302E /* MyGK */ = {
			isa = PBXGroup;
			children = (
				347BBEE818B989EE00AA302E /* BINAppDelegate.h */,
				347BBEE918B989EE00AA302E /* BINAppDelegate.m */,
				34AF111618C4CFB6004E9B2B /* ServerAddressSetting.h */,
				34AF111718C4CFB6004E9B2B /* ServerAddressSetting.m */,
				347D202B18BF417D0013AC2F /* Models */,
				347BBF1118B98F1000AA302E /* classes */,
				347BBEEB18B989EE00AA302E /* Main.storyboard */,
				346E79F818BCC1C500870DCE /* BINGKlistViewController.h */,
				346E79F918BCC1C500870DCE /* BINGKlistViewController.m */,
				346E79FB18BCC28200870DCE /* BINListCell.h */,
				346E79FC18BCC28200870DCE /* BINListCell.m */,
				346E79FE18BCC5D100870DCE /* BINListCell.xib */,
				347BBF5518BA019000AA302E /* BINMyGKViewController.h */,
				347BBF5618BA019000AA302E /* BINMyGKViewController.m */,
				347BBEF118B989EE00AA302E /* Images.xcassets */,
				345DF6E318BB39EC009E0F80 /* resources */,
				347BBF1618B9986D00AA302E /* tools */,
				347BBEE018B989EE00AA302E /* Supporting Files */,
			);
			path = MyGK;
			sourceTree = "<group>";
		};
		347BBEE018B989EE00AA302E /* Supporting Files */ = {
			isa = PBXGroup;
			children = (
				347BBEE118B989EE00AA302E /* MyGK-Info.plist */,
				347BBEE218B989EE00AA302E /* InfoPlist.strings */,
				347BBEE518B989EE00AA302E /* main.m */,
				347BBEE718B989EE00AA302E /* MyGK-Prefix.pch */,
			);
			name = "Supporting Files";
			sourceTree = "<group>";
		};
		347BBEFE18B989EE00AA302E /* MyGKTests */ = {
			isa = PBXGroup;
			children = (
				347BBF0418B989EE00AA302E /* MyGKTests.m */,
				347BBEFF18B989EE00AA302E /* Supporting Files */,
			);
			path = MyGKTests;
			sourceTree = "<group>";
		};
		347BBEFF18B989EE00AA302E /* Supporting Files */ = {
			isa = PBXGroup;
			children = (
				347BBF0018B989EE00AA302E /* MyGKTests-Info.plist */,
				347BBF0118B989EE00AA302E /* InfoPlist.strings */,
			);
			name = "Supporting Files";
			sourceTree = "<group>";
		};
		347BBF1118B98F1000AA302E /* classes */ = {
			isa = PBXGroup;
			children = (
				347BBF1318B9942E00AA302E /* BINMylistController.h */,
				347BBF1418B9942E00AA302E /* BINMylistController.m */,
				34D1C07618BA4BA1006B18C1 /* BINSignupViewController.h */,
				34D1C07718BA4BA1006B18C1 /* BINSignupViewController.m */,
				347BBF4F18B9A6C100AA302E /* BINLoginViewController.h */,
				347BBF5018B9A6C100AA302E /* BINLoginViewController.m */,
				34AF111018C49F5C004E9B2B /* BINUploadPictureViewController.h */,
				34AF111118C49F5C004E9B2B /* BINUploadPictureViewController.m */,
				346E7A0518BCFD2700870DCE /* BINGKdetailContainerViewController.h */,
				346E7A0618BCFD2700870DCE /* BINGKdetailContainerViewController.m */,
				34D8DFED18C601810014EA2B /* BINIconSettingViewController.h */,
				34D8DFEE18C601810014EA2B /* BINIconSettingViewController.m */,
			);
			name = classes;
			sourceTree = "<group>";
		};
		347BBF1618B9986D00AA302E /* tools */ = {
			isa = PBXGroup;
			children = (
				3479407E18BE1DEC00F5B621 /* MJRefresh */,
				347BBF1718B9986D00AA302E /* AFNetworking */,
				347BBF2B18B9986D00AA302E /* UIKit+AFNetworking */,
			);
			path = tools;
			sourceTree = "<group>";
		};
		347BBF1718B9986D00AA302E /* AFNetworking */ = {
			isa = PBXGroup;
			children = (
				347BBF1818B9986D00AA302E /* AFHTTPRequestOperation.h */,
				347BBF1918B9986D00AA302E /* AFHTTPRequestOperation.m */,
				347BBF1A18B9986D00AA302E /* AFHTTPRequestOperationManager.h */,
				347BBF1B18B9986D00AA302E /* AFHTTPRequestOperationManager.m */,
				347BBF1C18B9986D00AA302E /* AFHTTPSessionManager.h */,
				347BBF1D18B9986D00AA302E /* AFHTTPSessionManager.m */,
				347BBF1E18B9986D00AA302E /* AFNetworking.h */,
				347BBF1F18B9986D00AA302E /* AFNetworkReachabilityManager.h */,
				347BBF2018B9986D00AA302E /* AFNetworkReachabilityManager.m */,
				347BBF2118B9986D00AA302E /* AFSecurityPolicy.h */,
				347BBF2218B9986D00AA302E /* AFSecurityPolicy.m */,
				347BBF2318B9986D00AA302E /* AFURLConnectionOperation.h */,
				347BBF2418B9986D00AA302E /* AFURLConnectionOperation.m */,
				347BBF2518B9986D00AA302E /* AFURLRequestSerialization.h */,
				347BBF2618B9986D00AA302E /* AFURLRequestSerialization.m */,
				347BBF2718B9986D00AA302E /* AFURLResponseSerialization.h */,
				347BBF2818B9986D00AA302E /* AFURLResponseSerialization.m */,
				347BBF2918B9986D00AA302E /* AFURLSessionManager.h */,
				347BBF2A18B9986D00AA302E /* AFURLSessionManager.m */,
			);
			path = AFNetworking;
			sourceTree = "<group>";
		};
		347BBF2B18B9986D00AA302E /* UIKit+AFNetworking */ = {
			isa = PBXGroup;
			children = (
				347BBF2C18B9986D00AA302E /* AFNetworkActivityIndicatorManager.h */,
				347BBF2D18B9986D00AA302E /* AFNetworkActivityIndicatorManager.m */,
				347BBF2E18B9986D00AA302E /* UIActivityIndicatorView+AFNetworking.h */,
				347BBF2F18B9986D00AA302E /* UIActivityIndicatorView+AFNetworking.m */,
				347BBF3018B9986D00AA302E /* UIAlertView+AFNetworking.h */,
				347BBF3118B9986D00AA302E /* UIAlertView+AFNetworking.m */,
				347BBF3218B9986D00AA302E /* UIButton+AFNetworking.h */,
				347BBF3318B9986D00AA302E /* UIButton+AFNetworking.m */,
				347BBF3418B9986D00AA302E /* UIImageView+AFNetworking.h */,
				347BBF3518B9986D00AA302E /* UIImageView+AFNetworking.m */,
				347BBF3618B9986D00AA302E /* UIKit+AFNetworking.h */,
				347BBF3718B9986D00AA302E /* UIProgressView+AFNetworking.h */,
				347BBF3818B9986D00AA302E /* UIProgressView+AFNetworking.m */,
				347BBF3918B9986D00AA302E /* UIRefreshControl+AFNetworking.h */,
				347BBF3A18B9986D00AA302E /* UIRefreshControl+AFNetworking.m */,
				347BBF3B18B9986D00AA302E /* UIWebView+AFNetworking.h */,
				347BBF3C18B9986D00AA302E /* UIWebView+AFNetworking.m */,
			);
			path = "UIKit+AFNetworking";
			sourceTree = "<group>";
		};
		347D202B18BF417D0013AC2F /* Models */ = {
			isa = PBXGroup;
			children = (
				347BBF5E18BA17EB00AA302E /* BINUserModel.h */,
				347BBF5F18BA17EB00AA302E /* BINUserModel.m */,
				347D202818BF375B0013AC2F /* BINGKlistModel.h */,
				347D202918BF375B0013AC2F /* BINGKlistModel.m */,
				34AF111318C4ACF6004E9B2B /* BINUploadModel.h */,
				34AF111418C4ACF6004E9B2B /* BINUploadModel.m */,
			);
			name = Models;
			sourceTree = "<group>";
		};
/* End PBXGroup section */

/* Begin PBXNativeTarget section */
		347BBED518B989EE00AA302E /* MyGK */ = {
			isa = PBXNativeTarget;
			buildConfigurationList = 347BBF0818B989EF00AA302E /* Build configuration list for PBXNativeTarget "MyGK" */;
			buildPhases = (
				347BBED218B989EE00AA302E /* Sources */,
				347BBED318B989EE00AA302E /* Frameworks */,
				347BBED418B989EE00AA302E /* Resources */,
			);
			buildRules = (
			);
			dependencies = (
			);
			name = MyGK;
			productName = MyGK;
			productReference = 347BBED618B989EE00AA302E /* MyGK.app */;
			productType = "com.apple.product-type.application";
		};
		347BBEF618B989EE00AA302E /* MyGKTests */ = {
			isa = PBXNativeTarget;
			buildConfigurationList = 347BBF0B18B989EF00AA302E /* Build configuration list for PBXNativeTarget "MyGKTests" */;
			buildPhases = (
				347BBEF318B989EE00AA302E /* Sources */,
				347BBEF418B989EE00AA302E /* Frameworks */,
				347BBEF518B989EE00AA302E /* Resources */,
			);
			buildRules = (
			);
			dependencies = (
				347BBEFD18B989EE00AA302E /* PBXTargetDependency */,
			);
			name = MyGKTests;
			productName = MyGKTests;
			productReference = 347BBEF718B989EE00AA302E /* MyGKTests.xctest */;
			productType = "com.apple.product-type.bundle.unit-test";
		};
/* End PBXNativeTarget section */

/* Begin PBXProject section */
		347BBECE18B989EE00AA302E /* Project object */ = {
			isa = PBXProject;
			attributes = {
				CLASSPREFIX = BIN;
				LastUpgradeCheck = 0500;
				ORGANIZATIONNAME = bin;
				TargetAttributes = {
					347BBEF618B989EE00AA302E = {
						TestTargetID = 347BBED518B989EE00AA302E;
					};
				};
			};
			buildConfigurationList = 347BBED118B989EE00AA302E /* Build configuration list for PBXProject "MyGK" */;
			compatibilityVersion = "Xcode 3.2";
			developmentRegion = English;
			hasScannedForEncodings = 0;
			knownRegions = (
				en,
				Base,
			);
			mainGroup = 347BBECD18B989EE00AA302E;
			productRefGroup = 347BBED718B989EE00AA302E /* Products */;
			projectDirPath = "";
			projectRoot = "";
			targets = (
				347BBED518B989EE00AA302E /* MyGK */,
				347BBEF618B989EE00AA302E /* MyGKTests */,
			);
		};
/* End PBXProject section */

/* Begin PBXResourcesBuildPhase section */
		347BBED418B989EE00AA302E /* Resources */ = {
			isa = PBXResourcesBuildPhase;
			buildActionMask = 2147483647;
			files = (
				347BBEF218B989EE00AA302E /* Images.xcassets in Resources */,
				349B26CA18BF9A360055DB30 /* heart_red@2x.png in Resources */,
				347BBEE418B989EE00AA302E /* InfoPlist.strings in Resources */,
				3479408918BE1DEC00F5B621 /* MJRefresh.bundle in Resources */,
				347BBEED18B989EE00AA302E /* Main.storyboard in Resources */,
				34FF821818C430D500596AD8 /* IMG_4823.JPG in Resources */,
				345DF6E518BB39EC009E0F80 /* button@2x.png in Resources */,
				346E7A0118BCDC7600870DCE /* profile-image-placeholder@2x.png in Resources */,
				346E79FF18BCC5D100870DCE /* BINListCell.xib in Resources */,
				349B26C818BF99150055DB30 /* heart_black@2x.png in Resources */,
			);
			runOnlyForDeploymentPostprocessing = 0;
		};
		347BBEF518B989EE00AA302E /* Resources */ = {
			isa = PBXResourcesBuildPhase;
			buildActionMask = 2147483647;
			files = (
				347BBF0318B989EE00AA302E /* InfoPlist.strings in Resources */,
			);
			runOnlyForDeploymentPostprocessing = 0;
		};
/* End PBXResourcesBuildPhase section */

/* Begin PBXSourcesBuildPhase section */
		347BBED218B989EE00AA302E /* Sources */ = {
			isa = PBXSourcesBuildPhase;
			buildActionMask = 2147483647;
			files = (
				3479408C18BE1DEC00F5B621 /* MJRefreshFooterView.m in Sources */,
				347BBF4B18B9986D00AA302E /* UIProgressView+AFNetworking.m in Sources */,
				347BBF4918B9986D00AA302E /* UIButton+AFNetworking.m in Sources */,
				347BBF4C18B9986D00AA302E /* UIRefreshControl+AFNetworking.m in Sources */,
				346E7A0718BCFD2700870DCE /* BINGKdetailContainerViewController.m in Sources */,
				347BBF4818B9986D00AA302E /* UIAlertView+AFNetworking.m in Sources */,
				347BBF4118B9986D00AA302E /* AFSecurityPolicy.m in Sources */,
				347BBEEA18B989EE00AA302E /* BINAppDelegate.m in Sources */,
				34D8DFEF18C601810014EA2B /* BINIconSettingViewController.m in Sources */,
				347BBF5718BA019000AA302E /* BINMyGKViewController.m in Sources */,
				347BBF3E18B9986D00AA302E /* AFHTTPRequestOperationManager.m in Sources */,
				347BBF5118B9A6C100AA302E /* BINLoginViewController.m in Sources */,
				347BBF4218B9986D00AA302E /* AFURLConnectionOperation.m in Sources */,
				34D1C07818BA4BA1006B18C1 /* BINSignupViewController.m in Sources */,
				347BBF4A18B9986D00AA302E /* UIImageView+AFNetworking.m in Sources */,
				347D202A18BF375B0013AC2F /* BINGKlistModel.m in Sources */,
				3479408B18BE1DEC00F5B621 /* MJRefreshConst.m in Sources */,
				347BBF3D18B9986D00AA302E /* AFHTTPRequestOperation.m in Sources */,
				347BBF4718B9986D00AA302E /* UIActivityIndicatorView+AFNetworking.m in Sources */,
				347BBEE618B989EE00AA302E /* main.m in Sources */,
				346E79FA18BCC1C500870DCE /* BINGKlistViewController.m in Sources */,
				34AF111518C4ACF6004E9B2B /* BINUploadModel.m in Sources */,
				347BBF4318B9986D00AA302E /* AFURLRequestSerialization.m in Sources */,
				347BBF3F18B9986D00AA302E /* AFHTTPSessionManager.m in Sources */,
				347BBF4018B9986D00AA302E /* AFNetworkReachabilityManager.m in Sources */,
				347BBF6018BA17EB00AA302E /* BINUserModel.m in Sources */,
				3479408A18BE1DEC00F5B621 /* MJRefreshBaseView.m in Sources */,
				347BBF4418B9986D00AA302E /* AFURLResponseSerialization.m in Sources */,
				3479408D18BE1DEC00F5B621 /* MJRefreshHeaderView.m in Sources */,
				346E79FD18BCC28200870DCE /* BINListCell.m in Sources */,
				347BBF4D18B9986D00AA302E /* UIWebView+AFNetworking.m in Sources */,
				347BBF4518B9986D00AA302E /* AFURLSessionManager.m in Sources */,
				34AF111818C4CFB6004E9B2B /* ServerAddressSetting.m in Sources */,
				34AF111218C49F5C004E9B2B /* BINUploadPictureViewController.m in Sources */,
				347BBF4618B9986D00AA302E /* AFNetworkActivityIndicatorManager.m in Sources */,
				347BBF1518B9942E00AA302E /* BINMylistController.m in Sources */,
			);
			runOnlyForDeploymentPostprocessing = 0;
		};
		347BBEF318B989EE00AA302E /* Sources */ = {
			isa = PBXSourcesBuildPhase;
			buildActionMask = 2147483647;
			files = (
				347BBF0518B989EF00AA302E /* MyGKTests.m in Sources */,
			);
			runOnlyForDeploymentPostprocessing = 0;
		};
/* End PBXSourcesBuildPhase section */

/* Begin PBXTargetDependency section */
		347BBEFD18B989EE00AA302E /* PBXTargetDependency */ = {
			isa = PBXTargetDependency;
			target = 347BBED518B989EE00AA302E /* MyGK */;
			targetProxy = 347BBEFC18B989EE00AA302E /* PBXContainerItemProxy */;
		};
/* End PBXTargetDependency section */

/* Begin PBXVariantGroup section */
		347BBEE218B989EE00AA302E /* InfoPlist.strings */ = {
			isa = PBXVariantGroup;
			children = (
				347BBEE318B989EE00AA302E /* en */,
			);
			name = InfoPlist.strings;
			sourceTree = "<group>";
		};
		347BBEEB18B989EE00AA302E /* Main.storyboard */ = {
			isa = PBXVariantGroup;
			children = (
				347BBEEC18B989EE00AA302E /* Base */,
			);
			name = Main.storyboard;
			sourceTree = "<group>";
		};
		347BBF0118B989EE00AA302E /* InfoPlist.strings */ = {
			isa = PBXVariantGroup;
			children = (
				347BBF0218B989EE00AA302E /* en */,
			);
			name = InfoPlist.strings;
			sourceTree = "<group>";
		};
/* End PBXVariantGroup section */

/* Begin XCBuildConfiguration section */
		347BBF0618B989EF00AA302E /* Debug */ = {
			isa = XCBuildConfiguration;
			buildSettings = {
				ALWAYS_SEARCH_USER_PATHS = NO;
				ARCHS = "$(ARCHS_STANDARD_INCLUDING_64_BIT)";
				CLANG_CXX_LANGUAGE_STANDARD = "gnu++0x";
				CLANG_CXX_LIBRARY = "libc++";
				CLANG_ENABLE_MODULES = YES;
				CLANG_ENABLE_OBJC_ARC = YES;
				CLANG_WARN_BOOL_CONVERSION = YES;
				CLANG_WARN_CONSTANT_CONVERSION = YES;
				CLANG_WARN_DIRECT_OBJC_ISA_USAGE = YES_ERROR;
				CLANG_WARN_EMPTY_BODY = YES;
				CLANG_WARN_ENUM_CONVERSION = YES;
				CLANG_WARN_INT_CONVERSION = YES;
				CLANG_WARN_OBJC_ROOT_CLASS = YES_ERROR;
				CLANG_WARN__DUPLICATE_METHOD_MATCH = YES;
				"CODE_SIGN_IDENTITY[sdk=iphoneos*]" = "iPhone Developer";
				COPY_PHASE_STRIP = NO;
				GCC_C_LANGUAGE_STANDARD = gnu99;
				GCC_DYNAMIC_NO_PIC = NO;
				GCC_OPTIMIZATION_LEVEL = 0;
				GCC_PREPROCESSOR_DEFINITIONS = (
					"DEBUG=1",
					"$(inherited)",
				);
				GCC_SYMBOLS_PRIVATE_EXTERN = NO;
				GCC_WARN_64_TO_32_BIT_CONVERSION = YES;
				GCC_WARN_ABOUT_RETURN_TYPE = YES_ERROR;
				GCC_WARN_UNDECLARED_SELECTOR = YES;
				GCC_WARN_UNINITIALIZED_AUTOS = YES;
				GCC_WARN_UNUSED_FUNCTION = YES;
				GCC_WARN_UNUSED_VARIABLE = YES;
				IPHONEOS_DEPLOYMENT_TARGET = 7.0;
				ONLY_ACTIVE_ARCH = YES;
				SDKROOT = iphoneos;
			};
			name = Debug;
		};
		347BBF0718B989EF00AA302E /* Release */ = {
			isa = XCBuildConfiguration;
			buildSettings = {
				ALWAYS_SEARCH_USER_PATHS = NO;
				ARCHS = "$(ARCHS_STANDARD_INCLUDING_64_BIT)";
				CLANG_CXX_LANGUAGE_STANDARD = "gnu++0x";
				CLANG_CXX_LIBRARY = "libc++";
				CLANG_ENABLE_MODULES = YES;
				CLANG_ENABLE_OBJC_ARC = YES;
				CLANG_WARN_BOOL_CONVERSION = YES;
				CLANG_WARN_CONSTANT_CONVERSION = YES;
				CLANG_WARN_DIRECT_OBJC_ISA_USAGE = YES_ERROR;
				CLANG_WARN_EMPTY_BODY = YES;
				CLANG_WARN_ENUM_CONVERSION = YES;
				CLANG_WARN_INT_CONVERSION = YES;
				CLANG_WARN_OBJC_ROOT_CLASS = YES_ERROR;
				CLANG_WARN__DUPLICATE_METHOD_MATCH = YES;
				"CODE_SIGN_IDENTITY[sdk=iphoneos*]" = "iPhone Developer";
				COPY_PHASE_STRIP = YES;
				ENABLE_NS_ASSERTIONS = NO;
				GCC_C_LANGUAGE_STANDARD = gnu99;
				GCC_WARN_64_TO_32_BIT_CONVERSION = YES;
				GCC_WARN_ABOUT_RETURN_TYPE = YES_ERROR;
				GCC_WARN_UNDECLARED_SELECTOR = YES;
				GCC_WARN_UNINITIALIZED_AUTOS = YES;
				GCC_WARN_UNUSED_FUNCTION = YES;
				GCC_WARN_UNUSED_VARIABLE = YES;
				IPHONEOS_DEPLOYMENT_TARGET = 7.0;
				SDKROOT = iphoneos;
				VALIDATE_PRODUCT = YES;
			};
			name = Release;
		};
		347BBF0918B989EF00AA302E /* Debug */ = {
			isa = XCBuildConfiguration;
			buildSettings = {
				ASSETCATALOG_COMPILER_APPICON_NAME = AppIcon;
				ASSETCATALOG_COMPILER_LAUNCHIMAGE_NAME = LaunchImage;
				GCC_PRECOMPILE_PREFIX_HEADER = YES;
				GCC_PREFIX_HEADER = "MyGK/MyGK-Prefix.pch";
				INFOPLIST_FILE = "MyGK/MyGK-Info.plist";
				IPHONEOS_DEPLOYMENT_TARGET = 7.0;
				PRODUCT_NAME = "$(TARGET_NAME)";
				WRAPPER_EXTENSION = app;
			};
			name = Debug;
		};
		347BBF0A18B989EF00AA302E /* Release */ = {
			isa = XCBuildConfiguration;
			buildSettings = {
				ASSETCATALOG_COMPILER_APPICON_NAME = AppIcon;
				ASSETCATALOG_COMPILER_LAUNCHIMAGE_NAME = LaunchImage;
				GCC_PRECOMPILE_PREFIX_HEADER = YES;
				GCC_PREFIX_HEADER = "MyGK/MyGK-Prefix.pch";
				INFOPLIST_FILE = "MyGK/MyGK-Info.plist";
				IPHONEOS_DEPLOYMENT_TARGET = 7.0;
				PRODUCT_NAME = "$(TARGET_NAME)";
				WRAPPER_EXTENSION = app;
			};
			name = Release;
		};
		347BBF0C18B989EF00AA302E /* Debug */ = {
			isa = XCBuildConfiguration;
			buildSettings = {
				ARCHS = "$(ARCHS_STANDARD_INCLUDING_64_BIT)";
				BUNDLE_LOADER = "$(BUILT_PRODUCTS_DIR)/MyGK.app/MyGK";
				FRAMEWORK_SEARCH_PATHS = (
					"$(SDKROOT)/Developer/Library/Frameworks",
					"$(inherited)",
					"$(DEVELOPER_FRAMEWORKS_DIR)",
				);
				GCC_PRECOMPILE_PREFIX_HEADER = YES;
				GCC_PREFIX_HEADER = "MyGK/MyGK-Prefix.pch";
				GCC_PREPROCESSOR_DEFINITIONS = (
					"DEBUG=1",
					"$(inherited)",
				);
				INFOPLIST_FILE = "MyGKTests/MyGKTests-Info.plist";
				PRODUCT_NAME = "$(TARGET_NAME)";
				TEST_HOST = "$(BUNDLE_LOADER)";
				WRAPPER_EXTENSION = xctest;
			};
			name = Debug;
		};
		347BBF0D18B989EF00AA302E /* Release */ = {
			isa = XCBuildConfiguration;
			buildSettings = {
				ARCHS = "$(ARCHS_STANDARD_INCLUDING_64_BIT)";
				BUNDLE_LOADER = "$(BUILT_PRODUCTS_DIR)/MyGK.app/MyGK";
				FRAMEWORK_SEARCH_PATHS = (
					"$(SDKROOT)/Developer/Library/Frameworks",
					"$(inherited)",
					"$(DEVELOPER_FRAMEWORKS_DIR)",
				);
				GCC_PRECOMPILE_PREFIX_HEADER = YES;
				GCC_PREFIX_HEADER = "MyGK/MyGK-Prefix.pch";
				INFOPLIST_FILE = "MyGKTests/MyGKTests-Info.plist";
				PRODUCT_NAME = "$(TARGET_NAME)";
				TEST_HOST = "$(BUNDLE_LOADER)";
				WRAPPER_EXTENSION = xctest;
			};
			name = Release;
		};
/* End XCBuildConfiguration section */

/* Begin XCConfigurationList section */
		347BBED118B989EE00AA302E /* Build configuration list for PBXProject "MyGK" */ = {
			isa = XCConfigurationList;
			buildConfigurations = (
				347BBF0618B989EF00AA302E /* Debug */,
				347BBF0718B989EF00AA302E /* Release */,
			);
			defaultConfigurationIsVisible = 0;
			defaultConfigurationName = Release;
		};
		347BBF0818B989EF00AA302E /* Build configuration list for PBXNativeTarget "MyGK" */ = {
			isa = XCConfigurationList;
			buildConfigurations = (
				347BBF0918B989EF00AA302E /* Debug */,
				347BBF0A18B989EF00AA302E /* Release */,
			);
			defaultConfigurationIsVisible = 0;
			defaultConfigurationName = Release;
		};
		347BBF0B18B989EF00AA302E /* Build configuration list for PBXNativeTarget "MyGKTests" */ = {
			isa = XCConfigurationList;
			buildConfigurations = (
				347BBF0C18B989EF00AA302E /* Debug */,
				347BBF0D18B989EF00AA302E /* Release */,
			);
			defaultConfigurationIsVisible = 0;
			defaultConfigurationName = Release;
		};
/* End XCConfigurationList section */
	};
	rootObject = 347BBECE18B989EE00AA302E /* Project object */;
}
